
Microsoft Visual Studio Solution File, Format Version 11.00
# Visual Studio 2010
Project("{F184B08F-C81C-45F6-A57F-5ABD9991F28F}") = "FLPExcel", "FLPExcel.vbproj", "{ABD64D40-AE77-40B2-9DC1-071796785B58}"
EndProject
Global
	GlobalSection(SourceCodeControl) = preSolution
		SccNumberOfProjects = 2
		SccLocalPath0 = .
		SccProjectUniqueName1 = FLPExcel.vbproj
		SccLocalPath1 = .
	EndGlobalSection
	GlobalSection(SolutionConfigurationPlatforms) = preSolution
		Debug|Any CPU = Debug|Any CPU
		Release|Any CPU = Release|Any CPU
	EndGlobalSection
	GlobalSection(ProjectConfigurationPlatforms) = postSolution
		{ABD64D40-AE77-40B2-9DC1-071796785B58}.Debug|Any CPU.ActiveCfg = Debug|Any CPU
		{ABD64D40-AE77-40B2-9DC1-071796785B58}.Debug|Any CPU.Build.0 = Debug|Any CPU
		{ABD64D40-AE77-40B2-9DC1-071796785B58}.Release|Any CPU.ActiveCfg = Release|Any CPU
		{ABD64D40-AE77-40B2-9DC1-071796785B58}.Release|Any CPU.Build.0 = Release|Any CPU
	EndGlobalSection
	GlobalSection(SolutionProperties) = preSolution
		HideSolutionNode = FALSE
	EndGlobalSection
EndGlobal
